
Microsoft Visual Studio Solution File, Format Version 12.00
# Visual Studio Version 17
VisualStudioVersion = 17.2.32616.157
MinimumVisualStudioVersion = 10.0.40219.1
Project("{FAE04EC0-301F-11D3-BF4B-00C04F79EFBC}") = "Server_", "Server_\Server_.csproj", "{352A23AE-F94B-4B9F-A32B-94B901367FA7}"
EndProject
Project("{FAE04EC0-301F-11D3-BF4B-00C04F79EFBC}") = "Client_", "Client_\Client_.csproj", "{2A683F0D-D202-4442-8588-B3B4AF06892A}"
EndProject
Project("{FAE04EC0-301F-11D3-BF4B-00C04F79EFBC}") = "Shared_", "Shared_\Shared_.csproj", "{83AFB344-9B52-4F1D-88FF-21AD02FAC470}"
EndProject
Global
	GlobalSection(SolutionConfigurationPlatforms) = preSolution
		Debug|Any CPU = Debug|Any CPU
		Release|Any CPU = Release|Any CPU
	EndGlobalSection
	GlobalSection(ProjectConfigurationPlatforms) = postSolution
		{352A23AE-F94B-4B9F-A32B-94B901367FA7}.Debug|Any CPU.ActiveCfg = Debug|Any CPU
		{352A23AE-F94B-4B9F-A32B-94B901367FA7}.Debug|Any CPU.Build.0 = Debug|Any CPU
		{352A23AE-F94B-4B9F-A32B-94B901367FA7}.Release|Any CPU.ActiveCfg = Release|Any CPU
		{352A23AE-F94B-4B9F-A32B-94B901367FA7}.Release|Any CPU.Build.0 = Release|Any CPU
		{2A683F0D-D202-4442-8588-B3B4AF06892A}.Debug|Any CPU.ActiveCfg = Debug|Any CPU
		{2A683F0D-D202-4442-8588-B3B4AF06892A}.Debug|Any CPU.Build.0 = Debug|Any CPU
		{2A683F0D-D202-4442-8588-B3B4AF06892A}.Release|Any CPU.ActiveCfg = Release|Any CPU
		{2A683F0D-D202-4442-8588-B3B4AF06892A}.Release|Any CPU.Build.0 = Release|Any CPU
		{83AFB344-9B52-4F1D-88FF-21AD02FAC470}.Debug|Any CPU.ActiveCfg = Debug|Any CPU
		{83AFB344-9B52-4F1D-88FF-21AD02FAC470}.Debug|Any CPU.Build.0 = Debug|Any CPU
		{83AFB344-9B52-4F1D-88FF-21AD02FAC470}.Release|Any CPU.ActiveCfg = Release|Any CPU
		{83AFB344-9B52-4F1D-88FF-21AD02FAC470}.Release|Any CPU.Build.0 = Release|Any CPU
	EndGlobalSection
	GlobalSection(SolutionProperties) = preSolution
		HideSolutionNode = FALSE
	EndGlobalSection
	GlobalSection(ExtensibilityGlobals) = postSolution
		SolutionGuid = {9FC67B50-98F8-4B37-9EBD-0C0111509D23}
	EndGlobalSection
EndGlobal
